// !$*UTF8*$!
{
	archiveVersion = 1;
	classes = {
	};
	objectVersion = 50;
	objects = {

/* Begin PBXBuildFile section */
		EC0730C223CF32A500A81D91 /* AccountVC.storyboard in Resources */ = {isa = PBXBuildFile; fileRef = EC0730C123CF32A500A81D91 /* AccountVC.storyboard */; };
		EC0730C423CF32C600A81D91 /* MessageSignVC.storyboard in Resources */ = {isa = PBXBuildFile; fileRef = EC0730C323CF32C600A81D91 /* MessageSignVC.storyboard */; };
		EC57BB2A23D09B710024BF5A /* SetupViewModel.swift in Sources */ = {isa = PBXBuildFile; fileRef = EC57BB2923D09B710024BF5A /* SetupViewModel.swift */; };
		EC57BB2C23D09B810024BF5A /* SetupModel.swift in Sources */ = {isa = PBXBuildFile; fileRef = EC57BB2B23D09B810024BF5A /* SetupModel.swift */; };
		EC57BB3223D1C6F50024BF5A /* AccountVC.swift in Sources */ = {isa = PBXBuildFile; fileRef = EC57BB3123D1C6F50024BF5A /* AccountVC.swift */; };
		EC57BB3423D1CAF00024BF5A /* RoundedButton.swift in Sources */ = {isa = PBXBuildFile; fileRef = EC57BB3323D1CAF00024BF5A /* RoundedButton.swift */; };
		EC57BB3623D1CBFF0024BF5A /* AccountViewModel.swift in Sources */ = {isa = PBXBuildFile; fileRef = EC57BB3523D1CBFF0024BF5A /* AccountViewModel.swift */; };
		EC57BB3823D1CC2B0024BF5A /* AccountModel.swift in Sources */ = {isa = PBXBuildFile; fileRef = EC57BB3723D1CC2B0024BF5A /* AccountModel.swift */; };
		EC57BB3A23D1F8070024BF5A /* Coordinator.swift in Sources */ = {isa = PBXBuildFile; fileRef = EC57BB3923D1F8070024BF5A /* Coordinator.swift */; };
		EC57BB3C23D1F8550024BF5A /* SetupCoordinator.swift in Sources */ = {isa = PBXBuildFile; fileRef = EC57BB3B23D1F8550024BF5A /* SetupCoordinator.swift */; };
		EC57BB3E23D1F8FF0024BF5A /* AppCoordinator.swift in Sources */ = {isa = PBXBuildFile; fileRef = EC57BB3D23D1F8FF0024BF5A /* AppCoordinator.swift */; };
		EC57BB4023D1FBF30024BF5A /* Storyboarded.swift in Sources */ = {isa = PBXBuildFile; fileRef = EC57BB3F23D1FBF30024BF5A /* Storyboarded.swift */; };
		EC6CAC3323D206F4001D4616 /* AccountCoordinator.swift in Sources */ = {isa = PBXBuildFile; fileRef = EC6CAC3223D206F4001D4616 /* AccountCoordinator.swift */; };
		EC6CAC3523D20CA0001D4616 /* MessageSignVC.swift in Sources */ = {isa = PBXBuildFile; fileRef = EC6CAC3423D20CA0001D4616 /* MessageSignVC.swift */; };
		EC7FB30A23D2461200973854 /* VerificationViewModel.swift in Sources */ = {isa = PBXBuildFile; fileRef = EC7FB30923D2461200973854 /* VerificationViewModel.swift */; };
		EC7FB30C23D2487700973854 /* VerificationModel.swift in Sources */ = {isa = PBXBuildFile; fileRef = EC7FB30B23D2487700973854 /* VerificationModel.swift */; };
		EC7FB30F23D24CBD00973854 /* VerificationCoordinator.swift in Sources */ = {isa = PBXBuildFile; fileRef = EC7FB30E23D24CBD00973854 /* VerificationCoordinator.swift */; };
		ECA9745723CCD9A5006A2FA8 /* AppDelegate.swift in Sources */ = {isa = PBXBuildFile; fileRef = ECA9745623CCD9A5006A2FA8 /* AppDelegate.swift */; };
		ECA9745B23CCD9A5006A2FA8 /* SetupVC.swift in Sources */ = {isa = PBXBuildFile; fileRef = ECA9745A23CCD9A5006A2FA8 /* SetupVC.swift */; };
		ECA9745E23CCD9A5006A2FA8 /* SetupVC.storyboard in Resources */ = {isa = PBXBuildFile; fileRef = ECA9745C23CCD9A5006A2FA8 /* SetupVC.storyboard */; };
		ECA9746323CCD9A6006A2FA8 /* Assets.xcassets in Resources */ = {isa = PBXBuildFile; fileRef = ECA9746223CCD9A6006A2FA8 /* Assets.xcassets */; };
		ECA9746623CCD9A6006A2FA8 /* LaunchScreen.storyboard in Resources */ = {isa = PBXBuildFile; fileRef = ECA9746423CCD9A6006A2FA8 /* LaunchScreen.storyboard */; };
		ECBD3FF123D33028004B2CCB /* QRCodeGenerator.swift in Sources */ = {isa = PBXBuildFile; fileRef = ECBD3FF023D33028004B2CCB /* QRCodeGenerator.swift */; };
		ECD72E1923D2242D00952A18 /* QRCodeViewerVC.swift in Sources */ = {isa = PBXBuildFile; fileRef = ECD72E1823D2242D00952A18 /* QRCodeViewerVC.swift */; };
		ECDD316423D2252200BF8FEB /* QRCodeViewerViewModel.swift in Sources */ = {isa = PBXBuildFile; fileRef = ECDD316323D2252200BF8FEB /* QRCodeViewerViewModel.swift */; };
		ECDD316623D2253800BF8FEB /* QRCodeViewerModel.swift in Sources */ = {isa = PBXBuildFile; fileRef = ECDD316523D2253800BF8FEB /* QRCodeViewerModel.swift */; };
		ECDD316823D22BBE00BF8FEB /* QRCodeViewerCoordinator.swift in Sources */ = {isa = PBXBuildFile; fileRef = ECDD316723D22BBE00BF8FEB /* QRCodeViewerCoordinator.swift */; };
		ECDD316A23D2372200BF8FEB /* Address.swift in Sources */ = {isa = PBXBuildFile; fileRef = ECDD316923D2372200BF8FEB /* Address.swift */; };
		ECDD317023D23DD600BF8FEB /* VerificationVC.swift in Sources */ = {isa = PBXBuildFile; fileRef = ECDD316F23D23DD600BF8FEB /* VerificationVC.swift */; };
		ECEBBA6C23D20F6F0070E836 /* BigInt.framework in Frameworks */ = {isa = PBXBuildFile; fileRef = ECEBBA6623D20F6F0070E836 /* BigInt.framework */; };
		ECEBBA6D23D20F6F0070E836 /* secp256k1.framework in Frameworks */ = {isa = PBXBuildFile; fileRef = ECEBBA6723D20F6F0070E836 /* secp256k1.framework */; };
		ECEBBA6E23D20F6F0070E836 /* web3swift.framework in Frameworks */ = {isa = PBXBuildFile; fileRef = ECEBBA6823D20F6F0070E836 /* web3swift.framework */; };
		ECEBBA6F23D20F6F0070E836 /* Starscream.framework in Frameworks */ = {isa = PBXBuildFile; fileRef = ECEBBA6923D20F6F0070E836 /* Starscream.framework */; };
		ECEBBA7023D20F6F0070E836 /* CryptoSwift.framework in Frameworks */ = {isa = PBXBuildFile; fileRef = ECEBBA6A23D20F6F0070E836 /* CryptoSwift.framework */; };
		ECEBBA7123D20F6F0070E836 /* PromiseKit.framework in Frameworks */ = {isa = PBXBuildFile; fileRef = ECEBBA6B23D20F6F0070E836 /* PromiseKit.framework */; };
		ECEBBA7423D212670070E836 /* MessageSignViewModel.swift in Sources */ = {isa = PBXBuildFile; fileRef = ECEBBA7323D212670070E836 /* MessageSignViewModel.swift */; };
		ECEBBA7623D2128D0070E836 /* MessageSignModel.swift in Sources */ = {isa = PBXBuildFile; fileRef = ECEBBA7523D2128D0070E836 /* MessageSignModel.swift */; };
		ECEBBA7823D21E750070E836 /* MessageSignCoordinator.swift in Sources */ = {isa = PBXBuildFile; fileRef = ECEBBA7723D21E750070E836 /* MessageSignCoordinator.swift */; };
/* End PBXBuildFile section */

/* Begin PBXFileReference section */
		EC0730C123CF32A500A81D91 /* AccountVC.storyboard */ = {isa = PBXFileReference; lastKnownFileType = file.storyboard; path = AccountVC.storyboard; sourceTree = "<group>"; };
		EC0730C323CF32C600A81D91 /* MessageSignVC.storyboard */ = {isa = PBXFileReference; lastKnownFileType = file.storyboard; path = MessageSignVC.storyboard; sourceTree = "<group>"; };
		EC57BB2923D09B710024BF5A /* SetupViewModel.swift */ = {isa = PBXFileReference; lastKnownFileType = sourcecode.swift; path = SetupViewModel.swift; sourceTree = "<group>"; };
		EC57BB2B23D09B810024BF5A /* SetupModel.swift */ = {isa = PBXFileReference; lastKnownFileType = sourcecode.swift; path = SetupModel.swift; sourceTree = "<group>"; };
		EC57BB3123D1C6F50024BF5A /* AccountVC.swift */ = {isa = PBXFileReference; lastKnownFileType = sourcecode.swift; path = AccountVC.swift; sourceTree = "<group>"; };
		EC57BB3323D1CAF00024BF5A /* RoundedButton.swift */ = {isa = PBXFileReference; lastKnownFileType = sourcecode.swift; path = RoundedButton.swift; sourceTree = "<group>"; };
		EC57BB3523D1CBFF0024BF5A /* AccountViewModel.swift */ = {isa = PBXFileReference; lastKnownFileType = sourcecode.swift; path = AccountViewModel.swift; sourceTree = "<group>"; };
		EC57BB3723D1CC2B0024BF5A /* AccountModel.swift */ = {isa = PBXFileReference; lastKnownFileType = sourcecode.swift; path = AccountModel.swift; sourceTree = "<group>"; };
		EC57BB3923D1F8070024BF5A /* Coordinator.swift */ = {isa = PBXFileReference; lastKnownFileType = sourcecode.swift; path = Coordinator.swift; sourceTree = "<group>"; };
		EC57BB3B23D1F8550024BF5A /* SetupCoordinator.swift */ = {isa = PBXFileReference; lastKnownFileType = sourcecode.swift; path = SetupCoordinator.swift; sourceTree = "<group>"; };
		EC57BB3D23D1F8FF0024BF5A /* AppCoordinator.swift */ = {isa = PBXFileReference; lastKnownFileType = sourcecode.swift; path = AppCoordinator.swift; sourceTree = "<group>"; };
		EC57BB3F23D1FBF30024BF5A /* Storyboarded.swift */ = {isa = PBXFileReference; lastKnownFileType = sourcecode.swift; path = Storyboarded.swift; sourceTree = "<group>"; };
		EC6CAC3223D206F4001D4616 /* AccountCoordinator.swift */ = {isa = PBXFileReference; lastKnownFileType = sourcecode.swift; path = AccountCoordinator.swift; sourceTree = "<group>"; };
		EC6CAC3423D20CA0001D4616 /* MessageSignVC.swift */ = {isa = PBXFileReference; lastKnownFileType = sourcecode.swift; path = MessageSignVC.swift; sourceTree = "<group>"; };
		EC7FB30923D2461200973854 /* VerificationViewModel.swift */ = {isa = PBXFileReference; lastKnownFileType = sourcecode.swift; path = VerificationViewModel.swift; sourceTree = "<group>"; };
		EC7FB30B23D2487700973854 /* VerificationModel.swift */ = {isa = PBXFileReference; lastKnownFileType = sourcecode.swift; path = VerificationModel.swift; sourceTree = "<group>"; };
		EC7FB30E23D24CBD00973854 /* VerificationCoordinator.swift */ = {isa = PBXFileReference; lastKnownFileType = sourcecode.swift; path = VerificationCoordinator.swift; sourceTree = "<group>"; };
		ECA9745323CCD9A5006A2FA8 /* Gnosis-Task.app */ = {isa = PBXFileReference; explicitFileType = wrapper.application; includeInIndex = 0; path = "Gnosis-Task.app"; sourceTree = BUILT_PRODUCTS_DIR; };
		ECA9745623CCD9A5006A2FA8 /* AppDelegate.swift */ = {isa = PBXFileReference; lastKnownFileType = sourcecode.swift; path = AppDelegate.swift; sourceTree = "<group>"; };
		ECA9745A23CCD9A5006A2FA8 /* SetupVC.swift */ = {isa = PBXFileReference; lastKnownFileType = sourcecode.swift; path = SetupVC.swift; sourceTree = "<group>"; };
		ECA9745D23CCD9A5006A2FA8 /* Base */ = {isa = PBXFileReference; lastKnownFileType = file.storyboard; name = Base; path = Base.lproj/SetupVC.storyboard; sourceTree = "<group>"; };
		ECA9746223CCD9A6006A2FA8 /* Assets.xcassets */ = {isa = PBXFileReference; lastKnownFileType = folder.assetcatalog; path = Assets.xcassets; sourceTree = "<group>"; };
		ECA9746523CCD9A6006A2FA8 /* Base */ = {isa = PBXFileReference; lastKnownFileType = file.storyboard; name = Base; path = Base.lproj/LaunchScreen.storyboard; sourceTree = "<group>"; };
		ECA9746723CCD9A6006A2FA8 /* Info.plist */ = {isa = PBXFileReference; lastKnownFileType = text.plist.xml; path = Info.plist; sourceTree = "<group>"; };
		ECBD3FEF23D32B80004B2CCB /* README.md */ = {isa = PBXFileReference; lastKnownFileType = net.daringfireball.markdown; path = README.md; sourceTree = "<group>"; };
		ECBD3FF023D33028004B2CCB /* QRCodeGenerator.swift */ = {isa = PBXFileReference; lastKnownFileType = sourcecode.swift; path = QRCodeGenerator.swift; sourceTree = "<group>"; };
		ECD72E1823D2242D00952A18 /* QRCodeViewerVC.swift */ = {isa = PBXFileReference; lastKnownFileType = sourcecode.swift; path = QRCodeViewerVC.swift; sourceTree = "<group>"; };
		ECDD316323D2252200BF8FEB /* QRCodeViewerViewModel.swift */ = {isa = PBXFileReference; lastKnownFileType = sourcecode.swift; path = QRCodeViewerViewModel.swift; sourceTree = "<group>"; };
		ECDD316523D2253800BF8FEB /* QRCodeViewerModel.swift */ = {isa = PBXFileReference; lastKnownFileType = sourcecode.swift; path = QRCodeViewerModel.swift; sourceTree = "<group>"; };
		ECDD316723D22BBE00BF8FEB /* QRCodeViewerCoordinator.swift */ = {isa = PBXFileReference; lastKnownFileType = sourcecode.swift; path = QRCodeViewerCoordinator.swift; sourceTree = "<group>"; };
		ECDD316923D2372200BF8FEB /* Address.swift */ = {isa = PBXFileReference; lastKnownFileType = sourcecode.swift; path = Address.swift; sourceTree = "<group>"; };
		ECDD316F23D23DD600BF8FEB /* VerificationVC.swift */ = {isa = PBXFileReference; lastKnownFileType = sourcecode.swift; path = VerificationVC.swift; sourceTree = "<group>"; };
		ECEBBA6623D20F6F0070E836 /* BigInt.framework */ = {isa = PBXFileReference; lastKnownFileType = wrapper.framework; name = BigInt.framework; path = Carthage/Build/iOS/BigInt.framework; sourceTree = SOURCE_ROOT; };
		ECEBBA6723D20F6F0070E836 /* secp256k1.framework */ = {isa = PBXFileReference; lastKnownFileType = wrapper.framework; name = secp256k1.framework; path = Carthage/Build/iOS/secp256k1.framework; sourceTree = SOURCE_ROOT; };
		ECEBBA6823D20F6F0070E836 /* web3swift.framework */ = {isa = PBXFileReference; lastKnownFileType = wrapper.framework; name = web3swift.framework; path = Carthage/Build/iOS/web3swift.framework; sourceTree = SOURCE_ROOT; };
		ECEBBA6923D20F6F0070E836 /* Starscream.framework */ = {isa = PBXFileReference; lastKnownFileType = wrapper.framework; name = Starscream.framework; path = Carthage/Build/iOS/Starscream.framework; sourceTree = SOURCE_ROOT; };
		ECEBBA6A23D20F6F0070E836 /* CryptoSwift.framework */ = {isa = PBXFileReference; lastKnownFileType = wrapper.framework; name = CryptoSwift.framework; path = Carthage/Build/iOS/CryptoSwift.framework; sourceTree = SOURCE_ROOT; };
		ECEBBA6B23D20F6F0070E836 /* PromiseKit.framework */ = {isa = PBXFileReference; lastKnownFileType = wrapper.framework; name = PromiseKit.framework; path = Carthage/Build/iOS/PromiseKit.framework; sourceTree = SOURCE_ROOT; };
		ECEBBA7323D212670070E836 /* MessageSignViewModel.swift */ = {isa = PBXFileReference; lastKnownFileType = sourcecode.swift; path = MessageSignViewModel.swift; sourceTree = "<group>"; };
		ECEBBA7523D2128D0070E836 /* MessageSignModel.swift */ = {isa = PBXFileReference; lastKnownFileType = sourcecode.swift; path = MessageSignModel.swift; sourceTree = "<group>"; };
		ECEBBA7723D21E750070E836 /* MessageSignCoordinator.swift */ = {isa = PBXFileReference; lastKnownFileType = sourcecode.swift; path = MessageSignCoordinator.swift; sourceTree = "<group>"; };
/* End PBXFileReference section */

/* Begin PBXFrameworksBuildPhase section */
		ECA9745023CCD9A5006A2FA8 /* Frameworks */ = {
			isa = PBXFrameworksBuildPhase;
			buildActionMask = 2147483647;
			files = (
				ECEBBA6E23D20F6F0070E836 /* web3swift.framework in Frameworks */,
				ECEBBA6F23D20F6F0070E836 /* Starscream.framework in Frameworks */,
				ECEBBA6C23D20F6F0070E836 /* BigInt.framework in Frameworks */,
				ECEBBA7123D20F6F0070E836 /* PromiseKit.framework in Frameworks */,
				ECEBBA7023D20F6F0070E836 /* CryptoSwift.framework in Frameworks */,
				ECEBBA6D23D20F6F0070E836 /* secp256k1.framework in Frameworks */,
			);
			runOnlyForDeploymentPostprocessing = 0;
		};
/* End PBXFrameworksBuildPhase section */

/* Begin PBXGroup section */
		82B2198772A5EEFF4663C7B8 /* Pods */ = {
			isa = PBXGroup;
			children = (
			);
			path = Pods;
			sourceTree = "<group>";
		};
		EC57BB4123D200B40024BF5A /* Coordinator */ = {
			isa = PBXGroup;
			children = (
				EC57BB3F23D1FBF30024BF5A /* Storyboarded.swift */,
				EC57BB3923D1F8070024BF5A /* Coordinator.swift */,
				EC57BB3D23D1F8FF0024BF5A /* AppCoordinator.swift */,
			);
			path = Coordinator;
			sourceTree = "<group>";
		};
		EC57BB4223D200BD0024BF5A /* Account VC */ = {
			isa = PBXGroup;
			children = (
				EC0730C123CF32A500A81D91 /* AccountVC.storyboard */,
				EC6CAC3223D206F4001D4616 /* AccountCoordinator.swift */,
				EC57BB3123D1C6F50024BF5A /* AccountVC.swift */,
				EC57BB3523D1CBFF0024BF5A /* AccountViewModel.swift */,
				EC57BB3723D1CC2B0024BF5A /* AccountModel.swift */,
			);
			path = "Account VC";
			sourceTree = "<group>";
		};
		EC57BB4323D200CF0024BF5A /* Setup VC */ = {
			isa = PBXGroup;
			children = (
				ECA9745C23CCD9A5006A2FA8 /* SetupVC.storyboard */,
				EC57BB3B23D1F8550024BF5A /* SetupCoordinator.swift */,
				ECA9745A23CCD9A5006A2FA8 /* SetupVC.swift */,
				EC57BB2923D09B710024BF5A /* SetupViewModel.swift */,
				EC57BB2B23D09B810024BF5A /* SetupModel.swift */,
			);
			path = "Setup VC";
			sourceTree = "<group>";
		};
		EC7FB30D23D24C8500973854 /* Verification VC */ = {
			isa = PBXGroup;
			children = (
				EC7FB30E23D24CBD00973854 /* VerificationCoordinator.swift */,
				ECDD316F23D23DD600BF8FEB /* VerificationVC.swift */,
				EC7FB30923D2461200973854 /* VerificationViewModel.swift */,
				EC7FB30B23D2487700973854 /* VerificationModel.swift */,
			);
			path = "Verification VC";
			sourceTree = "<group>";
		};
		ECA9744A23CCD9A5006A2FA8 = {
			isa = PBXGroup;
			children = (
				ECBD3FEF23D32B80004B2CCB /* README.md */,
				ECA9745523CCD9A5006A2FA8 /* Gnosis-Task */,
				ECA9745423CCD9A5006A2FA8 /* Products */,
				82B2198772A5EEFF4663C7B8 /* Pods */,
			);
			sourceTree = "<group>";
		};
		ECA9745423CCD9A5006A2FA8 /* Products */ = {
			isa = PBXGroup;
			children = (
				ECA9745323CCD9A5006A2FA8 /* Gnosis-Task.app */,
			);
			name = Products;
			sourceTree = "<group>";
		};
		ECA9745523CCD9A5006A2FA8 /* Gnosis-Task */ = {
			isa = PBXGroup;
			children = (
				ECA9745623CCD9A5006A2FA8 /* AppDelegate.swift */,
				ECDD316D23D23DB800BF8FEB /* Model */,
				ECDD316C23D23DB200BF8FEB /* UI */,
				ECA9746223CCD9A6006A2FA8 /* Assets.xcassets */,
				ECA9746423CCD9A6006A2FA8 /* LaunchScreen.storyboard */,
				ECA9746723CCD9A6006A2FA8 /* Info.plist */,
				ECEBBA6623D20F6F0070E836 /* BigInt.framework */,
				ECEBBA6A23D20F6F0070E836 /* CryptoSwift.framework */,
				ECEBBA6B23D20F6F0070E836 /* PromiseKit.framework */,
				ECEBBA6723D20F6F0070E836 /* secp256k1.framework */,
				ECEBBA6923D20F6F0070E836 /* Starscream.framework */,
				ECEBBA6823D20F6F0070E836 /* web3swift.framework */,
			);
			path = "Gnosis-Task";
			sourceTree = "<group>";
		};
		ECDD316B23D23DA400BF8FEB /* QR Code Viewer */ = {
			isa = PBXGroup;
			children = (
				ECBD3FF023D33028004B2CCB /* QRCodeGenerator.swift */,
				ECDD316723D22BBE00BF8FEB /* QRCodeViewerCoordinator.swift */,
				ECD72E1823D2242D00952A18 /* QRCodeViewerVC.swift */,
				ECDD316323D2252200BF8FEB /* QRCodeViewerViewModel.swift */,
				ECDD316523D2253800BF8FEB /* QRCodeViewerModel.swift */,
			);
			path = "QR Code Viewer";
			sourceTree = "<group>";
		};
		ECDD316C23D23DB200BF8FEB /* UI */ = {
			isa = PBXGroup;
			children = (
				ECDD316E23D23DC000BF8FEB /* Generic Components */,
				EC57BB4123D200B40024BF5A /* Coordinator */,
				EC57BB4223D200BD0024BF5A /* Account VC */,
				EC57BB4323D200CF0024BF5A /* Setup VC */,
				ECEBBA7923D222C90070E836 /* Message Sign VC */,
				ECDD316B23D23DA400BF8FEB /* QR Code Viewer */,
				EC7FB30D23D24C8500973854 /* Verification VC */,
			);
			path = UI;
			sourceTree = "<group>";
		};
		ECDD316D23D23DB800BF8FEB /* Model */ = {
			isa = PBXGroup;
			children = (
				ECDD316923D2372200BF8FEB /* Address.swift */,
			);
			path = Model;
			sourceTree = "<group>";
		};
		ECDD316E23D23DC000BF8FEB /* Generic Components */ = {
			isa = PBXGroup;
			children = (
				EC57BB3323D1CAF00024BF5A /* RoundedButton.swift */,
			);
			path = "Generic Components";
			sourceTree = "<group>";
		};
		ECEBBA7923D222C90070E836 /* Message Sign VC */ = {
			isa = PBXGroup;
			children = (
				EC0730C323CF32C600A81D91 /* MessageSignVC.storyboard */,
				ECEBBA7723D21E750070E836 /* MessageSignCoordinator.swift */,
				EC6CAC3423D20CA0001D4616 /* MessageSignVC.swift */,
				ECEBBA7323D212670070E836 /* MessageSignViewModel.swift */,
				ECEBBA7523D2128D0070E836 /* MessageSignModel.swift */,
			);
			path = "Message Sign VC";
			sourceTree = "<group>";
		};
/* End PBXGroup section */

/* Begin PBXNativeTarget section */
		ECA9745223CCD9A5006A2FA8 /* Gnosis-Task */ = {
			isa = PBXNativeTarget;
			buildConfigurationList = ECA9746A23CCD9A6006A2FA8 /* Build configuration list for PBXNativeTarget "Gnosis-Task" */;
			buildPhases = (
				ECA9744F23CCD9A5006A2FA8 /* Sources */,
				ECA9745023CCD9A5006A2FA8 /* Frameworks */,
				ECA9745123CCD9A5006A2FA8 /* Resources */,
				ECEBBA7223D20F8C0070E836 /* ShellScript */,
			);
			buildRules = (
			);
			dependencies = (
			);
			name = "Gnosis-Task";
			productName = "Gnosis-Task";
			productReference = ECA9745323CCD9A5006A2FA8 /* Gnosis-Task.app */;
			productType = "com.apple.product-type.application";
		};
/* End PBXNativeTarget section */

/* Begin PBXProject section */
		ECA9744B23CCD9A5006A2FA8 /* Project object */ = {
			isa = PBXProject;
			attributes = {
				LastSwiftUpdateCheck = 1130;
				LastUpgradeCheck = 1130;
				ORGANIZATIONNAME = "Atharva Vaidya";
				TargetAttributes = {
					ECA9745223CCD9A5006A2FA8 = {
						CreatedOnToolsVersion = 11.3;
					};
				};
			};
			buildConfigurationList = ECA9744E23CCD9A5006A2FA8 /* Build configuration list for PBXProject "Gnosis-Task" */;
			compatibilityVersion = "Xcode 9.3";
			developmentRegion = en;
			hasScannedForEncodings = 0;
			knownRegions = (
				en,
				Base,
			);
			mainGroup = ECA9744A23CCD9A5006A2FA8;
			productRefGroup = ECA9745423CCD9A5006A2FA8 /* Products */;
			projectDirPath = "";
			projectRoot = "";
			targets = (
				ECA9745223CCD9A5006A2FA8 /* Gnosis-Task */,
			);
		};
/* End PBXProject section */

/* Begin PBXResourcesBuildPhase section */
		ECA9745123CCD9A5006A2FA8 /* Resources */ = {
			isa = PBXResourcesBuildPhase;
			buildActionMask = 2147483647;
			files = (
				ECA9746623CCD9A6006A2FA8 /* LaunchScreen.storyboard in Resources */,
				EC0730C223CF32A500A81D91 /* AccountVC.storyboard in Resources */,
				ECA9746323CCD9A6006A2FA8 /* Assets.xcassets in Resources */,
				ECA9745E23CCD9A5006A2FA8 /* SetupVC.storyboard in Resources */,
				EC0730C423CF32C600A81D91 /* MessageSignVC.storyboard in Resources */,
			);
			runOnlyForDeploymentPostprocessing = 0;
		};
/* End PBXResourcesBuildPhase section */

/* Begin PBXShellScriptBuildPhase section */
		ECEBBA7223D20F8C0070E836 /* ShellScript */ = {
			isa = PBXShellScriptBuildPhase;
			buildActionMask = 2147483647;
			files = (
			);
			inputFileListPaths = (
			);
			inputPaths = (
				"$(SRCROOT)/Carthage/Build/iOS/BigInt.framework",
				"$(SRCROOT)/Carthage/Build/iOS/CryptoSwift.framework",
				"$(SRCROOT)/Carthage/Build/iOS/PromiseKit.framework",
				"$(SRCROOT)/Carthage/Build/iOS/secp256k1.framework",
				"$(SRCROOT)/Carthage/Build/iOS/Starscream.framework",
				"$(SRCROOT)/Carthage/Build/iOS/web3swift.framework",
			);
			outputFileListPaths = (
			);
			outputPaths = (
				"$(BUILT_PRODUCTS_DIR)/$(FRAMEWORKS_FOLDER_PATH)/BigInt.framework",
				"$(BUILT_PRODUCTS_DIR)/$(FRAMEWORKS_FOLDER_PATH)/CryptoSwift.framework",
				"$(BUILT_PRODUCTS_DIR)/$(FRAMEWORKS_FOLDER_PATH)/PromiseKit.framework",
				"$(BUILT_PRODUCTS_DIR)/$(FRAMEWORKS_FOLDER_PATH)/secp256k1.framework",
				"$(BUILT_PRODUCTS_DIR)/$(FRAMEWORKS_FOLDER_PATH)/Starscream.framework",
				"$(BUILT_PRODUCTS_DIR)/$(FRAMEWORKS_FOLDER_PATH)/web3swift.framework",
			);
			runOnlyForDeploymentPostprocessing = 0;
			shellPath = /bin/sh;
			shellScript = "# Type a script or drag a script file from your workspace to insert its path.\n/usr/local/bin/carthage copy-frameworks\n";
		};
/* End PBXShellScriptBuildPhase section */

/* Begin PBXSourcesBuildPhase section */
		ECA9744F23CCD9A5006A2FA8 /* Sources */ = {
			isa = PBXSourcesBuildPhase;
			buildActionMask = 2147483647;
			files = (
				ECD72E1923D2242D00952A18 /* QRCodeViewerVC.swift in Sources */,
				ECEBBA7823D21E750070E836 /* MessageSignCoordinator.swift in Sources */,
				EC6CAC3523D20CA0001D4616 /* MessageSignVC.swift in Sources */,
				ECA9745B23CCD9A5006A2FA8 /* SetupVC.swift in Sources */,
				EC57BB3C23D1F8550024BF5A /* SetupCoordinator.swift in Sources */,
				EC57BB3E23D1F8FF0024BF5A /* AppCoordinator.swift in Sources */,
				EC57BB2A23D09B710024BF5A /* SetupViewModel.swift in Sources */,
				EC7FB30F23D24CBD00973854 /* VerificationCoordinator.swift in Sources */,
				EC57BB3423D1CAF00024BF5A /* RoundedButton.swift in Sources */,
				ECEBBA7423D212670070E836 /* MessageSignViewModel.swift in Sources */,
				EC57BB3623D1CBFF0024BF5A /* AccountViewModel.swift in Sources */,
				ECEBBA7623D2128D0070E836 /* MessageSignModel.swift in Sources */,
				ECDD316623D2253800BF8FEB /* QRCodeViewerModel.swift in Sources */,
				ECDD316823D22BBE00BF8FEB /* QRCodeViewerCoordinator.swift in Sources */,
				EC57BB3823D1CC2B0024BF5A /* AccountModel.swift in Sources */,
				ECDD316423D2252200BF8FEB /* QRCodeViewerViewModel.swift in Sources */,
				EC6CAC3323D206F4001D4616 /* AccountCoordinator.swift in Sources */,
				ECDD317023D23DD600BF8FEB /* VerificationVC.swift in Sources */,
				EC57BB3A23D1F8070024BF5A /* Coordinator.swift in Sources */,
				EC57BB3223D1C6F50024BF5A /* AccountVC.swift in Sources */,
				ECA9745723CCD9A5006A2FA8 /* AppDelegate.swift in Sources */,
				EC7FB30C23D2487700973854 /* VerificationModel.swift in Sources */,
				EC57BB2C23D09B810024BF5A /* SetupModel.swift in Sources */,
				EC7FB30A23D2461200973854 /* VerificationViewModel.swift in Sources */,
				ECDD316A23D2372200BF8FEB /* Address.swift in Sources */,
				ECBD3FF123D33028004B2CCB /* QRCodeGenerator.swift in Sources */,
				EC57BB4023D1FBF30024BF5A /* Storyboarded.swift in Sources */,
			);
			runOnlyForDeploymentPostprocessing = 0;
		};
/* End PBXSourcesBuildPhase section */

/* Begin PBXVariantGroup section */
		ECA9745C23CCD9A5006A2FA8 /* SetupVC.storyboard */ = {
			isa = PBXVariantGroup;
			children = (
				ECA9745D23CCD9A5006A2FA8 /* Base */,
			);
			name = SetupVC.storyboard;
			sourceTree = "<group>";
		};
		ECA9746423CCD9A6006A2FA8 /* LaunchScreen.storyboard */ = {
			isa = PBXVariantGroup;
			children = (
				ECA9746523CCD9A6006A2FA8 /* Base */,
			);
			name = LaunchScreen.storyboard;
			sourceTree = "<group>";
		};
/* End PBXVariantGroup section */

/* Begin XCBuildConfiguration section */
		ECA9746823CCD9A6006A2FA8 /* Debug */ = {
			isa = XCBuildConfiguration;
			buildSettings = {
				ALWAYS_SEARCH_USER_PATHS = NO;
				CLANG_ANALYZER_NONNULL = YES;
				CLANG_ANALYZER_NUMBER_OBJECT_CONVERSION = YES_AGGRESSIVE;
				CLANG_CXX_LANGUAGE_STANDARD = "gnu++14";
				CLANG_CXX_LIBRARY = "libc++";
				CLANG_ENABLE_MODULES = YES;
				CLANG_ENABLE_OBJC_ARC = YES;
				CLANG_ENABLE_OBJC_WEAK = YES;
				CLANG_WARN_BLOCK_CAPTURE_AUTORELEASING = YES;
				CLANG_WARN_BOOL_CONVERSION = YES;
				CLANG_WARN_COMMA = YES;
				CLANG_WARN_CONSTANT_CONVERSION = YES;
				CLANG_WARN_DEPRECATED_OBJC_IMPLEMENTATIONS = YES;
				CLANG_WARN_DIRECT_OBJC_ISA_USAGE = YES_ERROR;
				CLANG_WARN_DOCUMENTATION_COMMENTS = YES;
				CLANG_WARN_EMPTY_BODY = YES;
				CLANG_WARN_ENUM_CONVERSION = YES;
				CLANG_WARN_INFINITE_RECURSION = YES;
				CLANG_WARN_INT_CONVERSION = YES;
				CLANG_WARN_NON_LITERAL_NULL_CONVERSION = YES;
				CLANG_WARN_OBJC_IMPLICIT_RETAIN_SELF = YES;
				CLANG_WARN_OBJC_LITERAL_CONVERSION = YES;
				CLANG_WARN_OBJC_ROOT_CLASS = YES_ERROR;
				CLANG_WARN_RANGE_LOOP_ANALYSIS = YES;
				CLANG_WARN_STRICT_PROTOTYPES = YES;
				CLANG_WARN_SUSPICIOUS_MOVE = YES;
				CLANG_WARN_UNGUARDED_AVAILABILITY = YES_AGGRESSIVE;
				CLANG_WARN_UNREACHABLE_CODE = YES;
				CLANG_WARN__DUPLICATE_METHOD_MATCH = YES;
				COPY_PHASE_STRIP = NO;
				DEBUG_INFORMATION_FORMAT = dwarf;
				ENABLE_STRICT_OBJC_MSGSEND = YES;
				ENABLE_TESTABILITY = YES;
				GCC_C_LANGUAGE_STANDARD = gnu11;
				GCC_DYNAMIC_NO_PIC = NO;
				GCC_NO_COMMON_BLOCKS = YES;
				GCC_OPTIMIZATION_LEVEL = 0;
				GCC_PREPROCESSOR_DEFINITIONS = (
					"DEBUG=1",
					"$(inherited)",
				);
				GCC_WARN_64_TO_32_BIT_CONVERSION = YES;
				GCC_WARN_ABOUT_RETURN_TYPE = YES_ERROR;
				GCC_WARN_UNDECLARED_SELECTOR = YES;
				GCC_WARN_UNINITIALIZED_AUTOS = YES_AGGRESSIVE;
				GCC_WARN_UNUSED_FUNCTION = YES;
				GCC_WARN_UNUSED_VARIABLE = YES;
				IPHONEOS_DEPLOYMENT_TARGET = 13.2;
				MTL_ENABLE_DEBUG_INFO = INCLUDE_SOURCE;
				MTL_FAST_MATH = YES;
				ONLY_ACTIVE_ARCH = YES;
				SDKROOT = iphoneos;
				SWIFT_ACTIVE_COMPILATION_CONDITIONS = DEBUG;
				SWIFT_OPTIMIZATION_LEVEL = "-Onone";
			};
			name = Debug;
		};
		ECA9746923CCD9A6006A2FA8 /* Release */ = {
			isa = XCBuildConfiguration;
			buildSettings = {
				ALWAYS_SEARCH_USER_PATHS = NO;
				CLANG_ANALYZER_NONNULL = YES;
				CLANG_ANALYZER_NUMBER_OBJECT_CONVERSION = YES_AGGRESSIVE;
				CLANG_CXX_LANGUAGE_STANDARD = "gnu++14";
				CLANG_CXX_LIBRARY = "libc++";
				CLANG_ENABLE_MODULES = YES;
				CLANG_ENABLE_OBJC_ARC = YES;
				CLANG_ENABLE_OBJC_WEAK = YES;
				CLANG_WARN_BLOCK_CAPTURE_AUTORELEASING = YES;
				CLANG_WARN_BOOL_CONVERSION = YES;
				CLANG_WARN_COMMA = YES;
				CLANG_WARN_CONSTANT_CONVERSION = YES;
				CLANG_WARN_DEPRECATED_OBJC_IMPLEMENTATIONS = YES;
				CLANG_WARN_DIRECT_OBJC_ISA_USAGE = YES_ERROR;
				CLANG_WARN_DOCUMENTATION_COMMENTS = YES;
				CLANG_WARN_EMPTY_BODY = YES;
				CLANG_WARN_ENUM_CONVERSION = YES;
				CLANG_WARN_INFINITE_RECURSION = YES;
				CLANG_WARN_INT_CONVERSION = YES;
				CLANG_WARN_NON_LITERAL_NULL_CONVERSION = YES;
				CLANG_WARN_OBJC_IMPLICIT_RETAIN_SELF = YES;
				CLANG_WARN_OBJC_LITERAL_CONVERSION = YES;
				CLANG_WARN_OBJC_ROOT_CLASS = YES_ERROR;
				CLANG_WARN_RANGE_LOOP_ANALYSIS = YES;
				CLANG_WARN_STRICT_PROTOTYPES = YES;
				CLANG_WARN_SUSPICIOUS_MOVE = YES;
				CLANG_WARN_UNGUARDED_AVAILABILITY = YES_AGGRESSIVE;
				CLANG_WARN_UNREACHABLE_CODE = YES;
				CLANG_WARN__DUPLICATE_METHOD_MATCH = YES;
				COPY_PHASE_STRIP = NO;
				DEBUG_INFORMATION_FORMAT = "dwarf-with-dsym";
				ENABLE_NS_ASSERTIONS = NO;
				ENABLE_STRICT_OBJC_MSGSEND = YES;
				GCC_C_LANGUAGE_STANDARD = gnu11;
				GCC_NO_COMMON_BLOCKS = YES;
				GCC_WARN_64_TO_32_BIT_CONVERSION = YES;
				GCC_WARN_ABOUT_RETURN_TYPE = YES_ERROR;
				GCC_WARN_UNDECLARED_SELECTOR = YES;
				GCC_WARN_UNINITIALIZED_AUTOS = YES_AGGRESSIVE;
				GCC_WARN_UNUSED_FUNCTION = YES;
				GCC_WARN_UNUSED_VARIABLE = YES;
				IPHONEOS_DEPLOYMENT_TARGET = 13.2;
				MTL_ENABLE_DEBUG_INFO = NO;
				MTL_FAST_MATH = YES;
				SDKROOT = iphoneos;
				SWIFT_COMPILATION_MODE = wholemodule;
				SWIFT_OPTIMIZATION_LEVEL = "-O";
				VALIDATE_PRODUCT = YES;
			};
			name = Release;
		};
		ECA9746B23CCD9A6006A2FA8 /* Debug */ = {
			isa = XCBuildConfiguration;
			buildSettings = {
				ASSETCATALOG_COMPILER_APPICON_NAME = AppIcon;
				CODE_SIGN_STYLE = Automatic;
				DEVELOPMENT_TEAM = Y7969DNQN4;
				FRAMEWORK_SEARCH_PATHS = (
					"$(inherited)",
					"$(PROJECT_DIR)/Carthage/Build/iOS",
				);
				INFOPLIST_FILE = "Gnosis-Task/Info.plist";
				LD_RUNPATH_SEARCH_PATHS = (
					"$(inherited)",
					"@executable_path/Frameworks",
				);
				PRODUCT_BUNDLE_IDENTIFIER = "com.atharva.Gnosis-Task";
				PRODUCT_NAME = "$(TARGET_NAME)";
				SWIFT_VERSION = 5.0;
				TARGETED_DEVICE_FAMILY = "1,2";
			};
			name = Debug;
		};
		ECA9746C23CCD9A6006A2FA8 /* Release */ = {
			isa = XCBuildConfiguration;
			buildSettings = {
				ASSETCATALOG_COMPILER_APPICON_NAME = AppIcon;
				CODE_SIGN_STYLE = Automatic;
				DEVELOPMENT_TEAM = Y7969DNQN4;
				FRAMEWORK_SEARCH_PATHS = (
					"$(inherited)",
					"$(PROJECT_DIR)/Carthage/Build/iOS",
				);
				INFOPLIST_FILE = "Gnosis-Task/Info.plist";
				LD_RUNPATH_SEARCH_PATHS = (
					"$(inherited)",
					"@executable_path/Frameworks",
				);
				PRODUCT_BUNDLE_IDENTIFIER = "com.atharva.Gnosis-Task";
				PRODUCT_NAME = "$(TARGET_NAME)";
				SWIFT_VERSION = 5.0;
				TARGETED_DEVICE_FAMILY = "1,2";
			};
			name = Release;
		};
/* End XCBuildConfiguration section */

/* Begin XCConfigurationList section */
		ECA9744E23CCD9A5006A2FA8 /* Build configuration list for PBXProject "Gnosis-Task" */ = {
			isa = XCConfigurationList;
			buildConfigurations = (
				ECA9746823CCD9A6006A2FA8 /* Debug */,
				ECA9746923CCD9A6006A2FA8 /* Release */,
			);
			defaultConfigurationIsVisible = 0;
			defaultConfigurationName = Release;
		};
		ECA9746A23CCD9A6006A2FA8 /* Build configuration list for PBXNativeTarget "Gnosis-Task" */ = {
			isa = XCConfigurationList;
			buildConfigurations = (
				ECA9746B23CCD9A6006A2FA8 /* Debug */,
				ECA9746C23CCD9A6006A2FA8 /* Release */,
			);
			defaultConfigurationIsVisible = 0;
			defaultConfigurationName = Release;
		};
/* End XCConfigurationList section */
	};
	rootObject = ECA9744B23CCD9A5006A2FA8 /* Project object */;
}
