// !$*UTF8*$!
{
	archiveVersion = 1;
	classes = {
	};
	objectVersion = 51;
	objects = {

/* Begin PBXBuildFile section */
		EC0730C223CF32A500A81D91 /* AccountVC.storyboard in Resources */ = {isa = PBXBuildFile; fileRef = EC0730C123CF32A500A81D91 /* AccountVC.storyboard */; };
		EC0730C423CF32C600A81D91 /* MessageSignVC.storyboard in Resources */ = {isa = PBXBuildFile; fileRef = EC0730C323CF32C600A81D91 /* MessageSignVC.storyboard */; };
		EC57BB2A23D09B710024BF5A /* SetupViewModel.swift in Sources */ = {isa = PBXBuildFile; fileRef = EC57BB2923D09B710024BF5A /* SetupViewModel.swift */; };
		EC57BB2C23D09B810024BF5A /* SetupModel.swift in Sources */ = {isa = PBXBuildFile; fileRef = EC57BB2B23D09B810024BF5A /* SetupModel.swift */; };
		EC57BB3223D1C6F50024BF5A /* AccountVC.swift in Sources */ = {isa = PBXBuildFile; fileRef = EC57BB3123D1C6F50024BF5A /* AccountVC.swift */; };
		EC57BB3423D1CAF00024BF5A /* RoundedButton.swift in Sources */ = {isa = PBXBuildFile; fileRef = EC57BB3323D1CAF00024BF5A /* RoundedButton.swift */; };
		EC57BB3623D1CBFF0024BF5A /* AccountViewModel.swift in Sources */ = {isa = PBXBuildFile; fileRef = EC57BB3523D1CBFF0024BF5A /* AccountViewModel.swift */; };
		EC57BB3823D1CC2B0024BF5A /* AccountModel.swift in Sources */ = {isa = PBXBuildFile; fileRef = EC57BB3723D1CC2B0024BF5A /* AccountModel.swift */; };
		EC57BB3A23D1F8070024BF5A /* Coordinator.swift in Sources */ = {isa = PBXBuildFile; fileRef = EC57BB3923D1F8070024BF5A /* Coordinator.swift */; };
		EC57BB3C23D1F8550024BF5A /* SetupCoordinator.swift in Sources */ = {isa = PBXBuildFile; fileRef = EC57BB3B23D1F8550024BF5A /* SetupCoordinator.swift */; };
		EC57BB3E23D1F8FF0024BF5A /* AppCoordinator.swift in Sources */ = {isa = PBXBuildFile; fileRef = EC57BB3D23D1F8FF0024BF5A /* AppCoordinator.swift */; };
		EC57BB4023D1FBF30024BF5A /* Storyboarded.swift in Sources */ = {isa = PBXBuildFile; fileRef = EC57BB3F23D1FBF30024BF5A /* Storyboarded.swift */; };
		EC6CAC3323D206F4001D4616 /* AccountCoordinator.swift in Sources */ = {isa = PBXBuildFile; fileRef = EC6CAC3223D206F4001D4616 /* AccountCoordinator.swift */; };
		ECA9745723CCD9A5006A2FA8 /* AppDelegate.swift in Sources */ = {isa = PBXBuildFile; fileRef = ECA9745623CCD9A5006A2FA8 /* AppDelegate.swift */; };
		ECA9745B23CCD9A5006A2FA8 /* SetupVC.swift in Sources */ = {isa = PBXBuildFile; fileRef = ECA9745A23CCD9A5006A2FA8 /* SetupVC.swift */; };
		ECA9745E23CCD9A5006A2FA8 /* SetupVC.storyboard in Resources */ = {isa = PBXBuildFile; fileRef = ECA9745C23CCD9A5006A2FA8 /* SetupVC.storyboard */; };
		ECA9746123CCD9A5006A2FA8 /* Gnosis_Task.xcdatamodeld in Sources */ = {isa = PBXBuildFile; fileRef = ECA9745F23CCD9A5006A2FA8 /* Gnosis_Task.xcdatamodeld */; };
		ECA9746323CCD9A6006A2FA8 /* Assets.xcassets in Resources */ = {isa = PBXBuildFile; fileRef = ECA9746223CCD9A6006A2FA8 /* Assets.xcassets */; };
		ECA9746623CCD9A6006A2FA8 /* LaunchScreen.storyboard in Resources */ = {isa = PBXBuildFile; fileRef = ECA9746423CCD9A6006A2FA8 /* LaunchScreen.storyboard */; };
		FEC9E7DDC5FFA52C0F709927 /* Pods_Gnosis_Task.framework in Frameworks */ = {isa = PBXBuildFile; fileRef = DC88ACACABF98ED6926C8CA7 /* Pods_Gnosis_Task.framework */; };
/* End PBXBuildFile section */

/* Begin PBXFileReference section */
		277F36EC03F391C85C828263 /* Pods-Gnosis-Task.debug.xcconfig */ = {isa = PBXFileReference; includeInIndex = 1; lastKnownFileType = text.xcconfig; name = "Pods-Gnosis-Task.debug.xcconfig"; path = "Target Support Files/Pods-Gnosis-Task/Pods-Gnosis-Task.debug.xcconfig"; sourceTree = "<group>"; };
		4DC156D4945FCE0605B32C40 /* Pods-Gnosis-Task.release.xcconfig */ = {isa = PBXFileReference; includeInIndex = 1; lastKnownFileType = text.xcconfig; name = "Pods-Gnosis-Task.release.xcconfig"; path = "Target Support Files/Pods-Gnosis-Task/Pods-Gnosis-Task.release.xcconfig"; sourceTree = "<group>"; };
		DC88ACACABF98ED6926C8CA7 /* Pods_Gnosis_Task.framework */ = {isa = PBXFileReference; explicitFileType = wrapper.framework; includeInIndex = 0; path = Pods_Gnosis_Task.framework; sourceTree = BUILT_PRODUCTS_DIR; };
		EC0730C123CF32A500A81D91 /* AccountVC.storyboard */ = {isa = PBXFileReference; lastKnownFileType = file.storyboard; path = AccountVC.storyboard; sourceTree = "<group>"; };
		EC0730C323CF32C600A81D91 /* MessageSignVC.storyboard */ = {isa = PBXFileReference; lastKnownFileType = file.storyboard; path = MessageSignVC.storyboard; sourceTree = "<group>"; };
		EC57BB2923D09B710024BF5A /* SetupViewModel.swift */ = {isa = PBXFileReference; lastKnownFileType = sourcecode.swift; path = SetupViewModel.swift; sourceTree = "<group>"; };
		EC57BB2B23D09B810024BF5A /* SetupModel.swift */ = {isa = PBXFileReference; lastKnownFileType = sourcecode.swift; path = SetupModel.swift; sourceTree = "<group>"; };
		EC57BB3123D1C6F50024BF5A /* AccountVC.swift */ = {isa = PBXFileReference; lastKnownFileType = sourcecode.swift; path = AccountVC.swift; sourceTree = "<group>"; };
		EC57BB3323D1CAF00024BF5A /* RoundedButton.swift */ = {isa = PBXFileReference; lastKnownFileType = sourcecode.swift; path = RoundedButton.swift; sourceTree = "<group>"; };
		EC57BB3523D1CBFF0024BF5A /* AccountViewModel.swift */ = {isa = PBXFileReference; lastKnownFileType = sourcecode.swift; path = AccountViewModel.swift; sourceTree = "<group>"; };
		EC57BB3723D1CC2B0024BF5A /* AccountModel.swift */ = {isa = PBXFileReference; lastKnownFileType = sourcecode.swift; path = AccountModel.swift; sourceTree = "<group>"; };
		EC57BB3923D1F8070024BF5A /* Coordinator.swift */ = {isa = PBXFileReference; lastKnownFileType = sourcecode.swift; path = Coordinator.swift; sourceTree = "<group>"; };
		EC57BB3B23D1F8550024BF5A /* SetupCoordinator.swift */ = {isa = PBXFileReference; lastKnownFileType = sourcecode.swift; path = SetupCoordinator.swift; sourceTree = "<group>"; };
		EC57BB3D23D1F8FF0024BF5A /* AppCoordinator.swift */ = {isa = PBXFileReference; lastKnownFileType = sourcecode.swift; path = AppCoordinator.swift; sourceTree = "<group>"; };
		EC57BB3F23D1FBF30024BF5A /* Storyboarded.swift */ = {isa = PBXFileReference; lastKnownFileType = sourcecode.swift; path = Storyboarded.swift; sourceTree = "<group>"; };
		EC6CAC3223D206F4001D4616 /* AccountCoordinator.swift */ = {isa = PBXFileReference; lastKnownFileType = sourcecode.swift; path = AccountCoordinator.swift; sourceTree = "<group>"; };
		ECA9745323CCD9A5006A2FA8 /* Gnosis-Task.app */ = {isa = PBXFileReference; explicitFileType = wrapper.application; includeInIndex = 0; path = "Gnosis-Task.app"; sourceTree = BUILT_PRODUCTS_DIR; };
		ECA9745623CCD9A5006A2FA8 /* AppDelegate.swift */ = {isa = PBXFileReference; lastKnownFileType = sourcecode.swift; path = AppDelegate.swift; sourceTree = "<group>"; };
		ECA9745A23CCD9A5006A2FA8 /* SetupVC.swift */ = {isa = PBXFileReference; lastKnownFileType = sourcecode.swift; path = SetupVC.swift; sourceTree = "<group>"; };
		ECA9745D23CCD9A5006A2FA8 /* Base */ = {isa = PBXFileReference; lastKnownFileType = file.storyboard; name = Base; path = Base.lproj/SetupVC.storyboard; sourceTree = "<group>"; };
		ECA9746023CCD9A5006A2FA8 /* Gnosis_Task.xcdatamodel */ = {isa = PBXFileReference; lastKnownFileType = wrapper.xcdatamodel; path = Gnosis_Task.xcdatamodel; sourceTree = "<group>"; };
		ECA9746223CCD9A6006A2FA8 /* Assets.xcassets */ = {isa = PBXFileReference; lastKnownFileType = folder.assetcatalog; path = Assets.xcassets; sourceTree = "<group>"; };
		ECA9746523CCD9A6006A2FA8 /* Base */ = {isa = PBXFileReference; lastKnownFileType = file.storyboard; name = Base; path = Base.lproj/LaunchScreen.storyboard; sourceTree = "<group>"; };
		ECA9746723CCD9A6006A2FA8 /* Info.plist */ = {isa = PBXFileReference; lastKnownFileType = text.plist.xml; path = Info.plist; sourceTree = "<group>"; };
/* End PBXFileReference section */

/* Begin PBXFrameworksBuildPhase section */
		ECA9745023CCD9A5006A2FA8 /* Frameworks */ = {
			isa = PBXFrameworksBuildPhase;
			buildActionMask = 2147483647;
			files = (
				FEC9E7DDC5FFA52C0F709927 /* Pods_Gnosis_Task.framework in Frameworks */,
			);
			runOnlyForDeploymentPostprocessing = 0;
		};
/* End PBXFrameworksBuildPhase section */

/* Begin PBXGroup section */
		780A0B623377B3646AF9A73B /* Frameworks */ = {
			isa = PBXGroup;
			children = (
				DC88ACACABF98ED6926C8CA7 /* Pods_Gnosis_Task.framework */,
			);
			name = Frameworks;
			sourceTree = "<group>";
		};
		82B2198772A5EEFF4663C7B8 /* Pods */ = {
			isa = PBXGroup;
			children = (
				277F36EC03F391C85C828263 /* Pods-Gnosis-Task.debug.xcconfig */,
				4DC156D4945FCE0605B32C40 /* Pods-Gnosis-Task.release.xcconfig */,
			);
			path = Pods;
			sourceTree = "<group>";
		};
		EC57BB4123D200B40024BF5A /* Coordinator */ = {
			isa = PBXGroup;
			children = (
				EC57BB3F23D1FBF30024BF5A /* Storyboarded.swift */,
				EC57BB3923D1F8070024BF5A /* Coordinator.swift */,
				EC57BB3D23D1F8FF0024BF5A /* AppCoordinator.swift */,
			);
			path = Coordinator;
			sourceTree = "<group>";
		};
		EC57BB4223D200BD0024BF5A /* Account VC */ = {
			isa = PBXGroup;
			children = (
				EC6CAC3223D206F4001D4616 /* AccountCoordinator.swift */,
				EC57BB3123D1C6F50024BF5A /* AccountVC.swift */,
				EC57BB3523D1CBFF0024BF5A /* AccountViewModel.swift */,
				EC57BB3723D1CC2B0024BF5A /* AccountModel.swift */,
			);
			path = "Account VC";
			sourceTree = "<group>";
		};
		EC57BB4323D200CF0024BF5A /* Setup VC */ = {
			isa = PBXGroup;
			children = (
				EC57BB3B23D1F8550024BF5A /* SetupCoordinator.swift */,
				ECA9745A23CCD9A5006A2FA8 /* SetupVC.swift */,
				EC57BB2923D09B710024BF5A /* SetupViewModel.swift */,
				EC57BB2B23D09B810024BF5A /* SetupModel.swift */,
			);
			path = "Setup VC";
			sourceTree = "<group>";
		};
		ECA9744A23CCD9A5006A2FA8 = {
			isa = PBXGroup;
			children = (
				ECA9745523CCD9A5006A2FA8 /* Gnosis-Task */,
				ECA9745423CCD9A5006A2FA8 /* Products */,
				82B2198772A5EEFF4663C7B8 /* Pods */,
				780A0B623377B3646AF9A73B /* Frameworks */,
			);
			sourceTree = "<group>";
		};
		ECA9745423CCD9A5006A2FA8 /* Products */ = {
			isa = PBXGroup;
			children = (
				ECA9745323CCD9A5006A2FA8 /* Gnosis-Task.app */,
			);
			name = Products;
			sourceTree = "<group>";
		};
		ECA9745523CCD9A5006A2FA8 /* Gnosis-Task */ = {
			isa = PBXGroup;
			children = (
				ECA9745623CCD9A5006A2FA8 /* AppDelegate.swift */,
				EC57BB3323D1CAF00024BF5A /* RoundedButton.swift */,
				EC57BB4123D200B40024BF5A /* Coordinator */,
				EC57BB4223D200BD0024BF5A /* Account VC */,
				EC57BB4323D200CF0024BF5A /* Setup VC */,
				ECA9745C23CCD9A5006A2FA8 /* SetupVC.storyboard */,
				EC0730C123CF32A500A81D91 /* AccountVC.storyboard */,
				EC0730C323CF32C600A81D91 /* MessageSignVC.storyboard */,
				ECA9746223CCD9A6006A2FA8 /* Assets.xcassets */,
				ECA9746423CCD9A6006A2FA8 /* LaunchScreen.storyboard */,
				ECA9746723CCD9A6006A2FA8 /* Info.plist */,
				ECA9745F23CCD9A5006A2FA8 /* Gnosis_Task.xcdatamodeld */,
			);
			path = "Gnosis-Task";
			sourceTree = "<group>";
		};
/* End PBXGroup section */

/* Begin PBXNativeTarget section */
		ECA9745223CCD9A5006A2FA8 /* Gnosis-Task */ = {
			isa = PBXNativeTarget;
			buildConfigurationList = ECA9746A23CCD9A6006A2FA8 /* Build configuration list for PBXNativeTarget "Gnosis-Task" */;
			buildPhases = (
				8AE8901635CA5290E1DB88ED /* [CP] Check Pods Manifest.lock */,
				ECA9744F23CCD9A5006A2FA8 /* Sources */,
				ECA9745023CCD9A5006A2FA8 /* Frameworks */,
				ECA9745123CCD9A5006A2FA8 /* Resources */,
				98A272F14C2E75F1922C99EC /* [CP] Embed Pods Frameworks */,
			);
			buildRules = (
			);
			dependencies = (
			);
			name = "Gnosis-Task";
			productName = "Gnosis-Task";
			productReference = ECA9745323CCD9A5006A2FA8 /* Gnosis-Task.app */;
			productType = "com.apple.product-type.application";
		};
/* End PBXNativeTarget section */

/* Begin PBXProject section */
		ECA9744B23CCD9A5006A2FA8 /* Project object */ = {
			isa = PBXProject;
			attributes = {
				LastSwiftUpdateCheck = 1130;
				LastUpgradeCheck = 1130;
				ORGANIZATIONNAME = "Atharva Vaidya";
				TargetAttributes = {
					ECA9745223CCD9A5006A2FA8 = {
						CreatedOnToolsVersion = 11.3;
					};
				};
			};
			buildConfigurationList = ECA9744E23CCD9A5006A2FA8 /* Build configuration list for PBXProject "Gnosis-Task" */;
			compatibilityVersion = "Xcode 9.3";
			developmentRegion = en;
			hasScannedForEncodings = 0;
			knownRegions = (
				en,
				Base,
			);
			mainGroup = ECA9744A23CCD9A5006A2FA8;
			productRefGroup = ECA9745423CCD9A5006A2FA8 /* Products */;
			projectDirPath = "";
			projectRoot = "";
			targets = (
				ECA9745223CCD9A5006A2FA8 /* Gnosis-Task */,
			);
		};
/* End PBXProject section */

/* Begin PBXResourcesBuildPhase section */
		ECA9745123CCD9A5006A2FA8 /* Resources */ = {
			isa = PBXResourcesBuildPhase;
			buildActionMask = 2147483647;
			files = (
				ECA9746623CCD9A6006A2FA8 /* LaunchScreen.storyboard in Resources */,
				EC0730C223CF32A500A81D91 /* AccountVC.storyboard in Resources */,
				ECA9746323CCD9A6006A2FA8 /* Assets.xcassets in Resources */,
				ECA9745E23CCD9A5006A2FA8 /* SetupVC.storyboard in Resources */,
				EC0730C423CF32C600A81D91 /* MessageSignVC.storyboard in Resources */,
			);
			runOnlyForDeploymentPostprocessing = 0;
		};
/* End PBXResourcesBuildPhase section */

/* Begin PBXShellScriptBuildPhase section */
		8AE8901635CA5290E1DB88ED /* [CP] Check Pods Manifest.lock */ = {
			isa = PBXShellScriptBuildPhase;
			buildActionMask = 2147483647;
			files = (
			);
			inputFileListPaths = (
			);
			inputPaths = (
				"${PODS_PODFILE_DIR_PATH}/Podfile.lock",
				"${PODS_ROOT}/Manifest.lock",
			);
			name = "[CP] Check Pods Manifest.lock";
			outputFileListPaths = (
			);
			outputPaths = (
				"$(DERIVED_FILE_DIR)/Pods-Gnosis-Task-checkManifestLockResult.txt",
			);
			runOnlyForDeploymentPostprocessing = 0;
			shellPath = /bin/sh;
			shellScript = "diff \"${PODS_PODFILE_DIR_PATH}/Podfile.lock\" \"${PODS_ROOT}/Manifest.lock\" > /dev/null\nif [ $? != 0 ] ; then\n    # print error to STDERR\n    echo \"error: The sandbox is not in sync with the Podfile.lock. Run 'pod install' or update your CocoaPods installation.\" >&2\n    exit 1\nfi\n# This output is used by Xcode 'outputs' to avoid re-running this script phase.\necho \"SUCCESS\" > \"${SCRIPT_OUTPUT_FILE_0}\"\n";
			showEnvVarsInLog = 0;
		};
		98A272F14C2E75F1922C99EC /* [CP] Embed Pods Frameworks */ = {
			isa = PBXShellScriptBuildPhase;
			buildActionMask = 2147483647;
			files = (
			);
			inputFileListPaths = (
				"${PODS_ROOT}/Target Support Files/Pods-Gnosis-Task/Pods-Gnosis-Task-frameworks-${CONFIGURATION}-input-files.xcfilelist",
			);
			name = "[CP] Embed Pods Frameworks";
			outputFileListPaths = (
				"${PODS_ROOT}/Target Support Files/Pods-Gnosis-Task/Pods-Gnosis-Task-frameworks-${CONFIGURATION}-output-files.xcfilelist",
			);
			runOnlyForDeploymentPostprocessing = 0;
			shellPath = /bin/sh;
			shellScript = "\"${PODS_ROOT}/Target Support Files/Pods-Gnosis-Task/Pods-Gnosis-Task-frameworks.sh\"\n";
			showEnvVarsInLog = 0;
		};
/* End PBXShellScriptBuildPhase section */

/* Begin PBXSourcesBuildPhase section */
		ECA9744F23CCD9A5006A2FA8 /* Sources */ = {
			isa = PBXSourcesBuildPhase;
			buildActionMask = 2147483647;
			files = (
				ECA9745B23CCD9A5006A2FA8 /* SetupVC.swift in Sources */,
				EC57BB3C23D1F8550024BF5A /* SetupCoordinator.swift in Sources */,
				EC57BB3E23D1F8FF0024BF5A /* AppCoordinator.swift in Sources */,
				EC57BB2A23D09B710024BF5A /* SetupViewModel.swift in Sources */,
				ECA9746123CCD9A5006A2FA8 /* Gnosis_Task.xcdatamodeld in Sources */,
				EC57BB3423D1CAF00024BF5A /* RoundedButton.swift in Sources */,
				EC57BB3623D1CBFF0024BF5A /* AccountViewModel.swift in Sources */,
				EC57BB3823D1CC2B0024BF5A /* AccountModel.swift in Sources */,
				EC6CAC3323D206F4001D4616 /* AccountCoordinator.swift in Sources */,
				EC57BB3A23D1F8070024BF5A /* Coordinator.swift in Sources */,
				EC57BB3223D1C6F50024BF5A /* AccountVC.swift in Sources */,
				ECA9745723CCD9A5006A2FA8 /* AppDelegate.swift in Sources */,
				EC57BB2C23D09B810024BF5A /* SetupModel.swift in Sources */,
				EC57BB4023D1FBF30024BF5A /* Storyboarded.swift in Sources */,
			);
			runOnlyForDeploymentPostprocessing = 0;
		};
/* End PBXSourcesBuildPhase section */

/* Begin PBXVariantGroup section */
		ECA9745C23CCD9A5006A2FA8 /* SetupVC.storyboard */ = {
			isa = PBXVariantGroup;
			children = (
				ECA9745D23CCD9A5006A2FA8 /* Base */,
			);
			name = SetupVC.storyboard;
			sourceTree = "<group>";
		};
		ECA9746423CCD9A6006A2FA8 /* LaunchScreen.storyboard */ = {
			isa = PBXVariantGroup;
			children = (
				ECA9746523CCD9A6006A2FA8 /* Base */,
			);
			name = LaunchScreen.storyboard;
			sourceTree = "<group>";
		};
/* End PBXVariantGroup section */

/* Begin XCBuildConfiguration section */
		ECA9746823CCD9A6006A2FA8 /* Debug */ = {
			isa = XCBuildConfiguration;
			buildSettings = {
				ALWAYS_SEARCH_USER_PATHS = NO;
				CLANG_ANALYZER_NONNULL = YES;
				CLANG_ANALYZER_NUMBER_OBJECT_CONVERSION = YES_AGGRESSIVE;
				CLANG_CXX_LANGUAGE_STANDARD = "gnu++14";
				CLANG_CXX_LIBRARY = "libc++";
				CLANG_ENABLE_MODULES = YES;
				CLANG_ENABLE_OBJC_ARC = YES;
				CLANG_ENABLE_OBJC_WEAK = YES;
				CLANG_WARN_BLOCK_CAPTURE_AUTORELEASING = YES;
				CLANG_WARN_BOOL_CONVERSION = YES;
				CLANG_WARN_COMMA = YES;
				CLANG_WARN_CONSTANT_CONVERSION = YES;
				CLANG_WARN_DEPRECATED_OBJC_IMPLEMENTATIONS = YES;
				CLANG_WARN_DIRECT_OBJC_ISA_USAGE = YES_ERROR;
				CLANG_WARN_DOCUMENTATION_COMMENTS = YES;
				CLANG_WARN_EMPTY_BODY = YES;
				CLANG_WARN_ENUM_CONVERSION = YES;
				CLANG_WARN_INFINITE_RECURSION = YES;
				CLANG_WARN_INT_CONVERSION = YES;
				CLANG_WARN_NON_LITERAL_NULL_CONVERSION = YES;
				CLANG_WARN_OBJC_IMPLICIT_RETAIN_SELF = YES;
				CLANG_WARN_OBJC_LITERAL_CONVERSION = YES;
				CLANG_WARN_OBJC_ROOT_CLASS = YES_ERROR;
				CLANG_WARN_RANGE_LOOP_ANALYSIS = YES;
				CLANG_WARN_STRICT_PROTOTYPES = YES;
				CLANG_WARN_SUSPICIOUS_MOVE = YES;
				CLANG_WARN_UNGUARDED_AVAILABILITY = YES_AGGRESSIVE;
				CLANG_WARN_UNREACHABLE_CODE = YES;
				CLANG_WARN__DUPLICATE_METHOD_MATCH = YES;
				COPY_PHASE_STRIP = NO;
				DEBUG_INFORMATION_FORMAT = dwarf;
				ENABLE_STRICT_OBJC_MSGSEND = YES;
				ENABLE_TESTABILITY = YES;
				GCC_C_LANGUAGE_STANDARD = gnu11;
				GCC_DYNAMIC_NO_PIC = NO;
				GCC_NO_COMMON_BLOCKS = YES;
				GCC_OPTIMIZATION_LEVEL = 0;
				GCC_PREPROCESSOR_DEFINITIONS = (
					"DEBUG=1",
					"$(inherited)",
				);
				GCC_WARN_64_TO_32_BIT_CONVERSION = YES;
				GCC_WARN_ABOUT_RETURN_TYPE = YES_ERROR;
				GCC_WARN_UNDECLARED_SELECTOR = YES;
				GCC_WARN_UNINITIALIZED_AUTOS = YES_AGGRESSIVE;
				GCC_WARN_UNUSED_FUNCTION = YES;
				GCC_WARN_UNUSED_VARIABLE = YES;
				IPHONEOS_DEPLOYMENT_TARGET = 13.2;
				MTL_ENABLE_DEBUG_INFO = INCLUDE_SOURCE;
				MTL_FAST_MATH = YES;
				ONLY_ACTIVE_ARCH = YES;
				SDKROOT = iphoneos;
				SWIFT_ACTIVE_COMPILATION_CONDITIONS = DEBUG;
				SWIFT_OPTIMIZATION_LEVEL = "-Onone";
			};
			name = Debug;
		};
		ECA9746923CCD9A6006A2FA8 /* Release */ = {
			isa = XCBuildConfiguration;
			buildSettings = {
				ALWAYS_SEARCH_USER_PATHS = NO;
				CLANG_ANALYZER_NONNULL = YES;
				CLANG_ANALYZER_NUMBER_OBJECT_CONVERSION = YES_AGGRESSIVE;
				CLANG_CXX_LANGUAGE_STANDARD = "gnu++14";
				CLANG_CXX_LIBRARY = "libc++";
				CLANG_ENABLE_MODULES = YES;
				CLANG_ENABLE_OBJC_ARC = YES;
				CLANG_ENABLE_OBJC_WEAK = YES;
				CLANG_WARN_BLOCK_CAPTURE_AUTORELEASING = YES;
				CLANG_WARN_BOOL_CONVERSION = YES;
				CLANG_WARN_COMMA = YES;
				CLANG_WARN_CONSTANT_CONVERSION = YES;
				CLANG_WARN_DEPRECATED_OBJC_IMPLEMENTATIONS = YES;
				CLANG_WARN_DIRECT_OBJC_ISA_USAGE = YES_ERROR;
				CLANG_WARN_DOCUMENTATION_COMMENTS = YES;
				CLANG_WARN_EMPTY_BODY = YES;
				CLANG_WARN_ENUM_CONVERSION = YES;
				CLANG_WARN_INFINITE_RECURSION = YES;
				CLANG_WARN_INT_CONVERSION = YES;
				CLANG_WARN_NON_LITERAL_NULL_CONVERSION = YES;
				CLANG_WARN_OBJC_IMPLICIT_RETAIN_SELF = YES;
				CLANG_WARN_OBJC_LITERAL_CONVERSION = YES;
				CLANG_WARN_OBJC_ROOT_CLASS = YES_ERROR;
				CLANG_WARN_RANGE_LOOP_ANALYSIS = YES;
				CLANG_WARN_STRICT_PROTOTYPES = YES;
				CLANG_WARN_SUSPICIOUS_MOVE = YES;
				CLANG_WARN_UNGUARDED_AVAILABILITY = YES_AGGRESSIVE;
				CLANG_WARN_UNREACHABLE_CODE = YES;
				CLANG_WARN__DUPLICATE_METHOD_MATCH = YES;
				COPY_PHASE_STRIP = NO;
				DEBUG_INFORMATION_FORMAT = "dwarf-with-dsym";
				ENABLE_NS_ASSERTIONS = NO;
				ENABLE_STRICT_OBJC_MSGSEND = YES;
				GCC_C_LANGUAGE_STANDARD = gnu11;
				GCC_NO_COMMON_BLOCKS = YES;
				GCC_WARN_64_TO_32_BIT_CONVERSION = YES;
				GCC_WARN_ABOUT_RETURN_TYPE = YES_ERROR;
				GCC_WARN_UNDECLARED_SELECTOR = YES;
				GCC_WARN_UNINITIALIZED_AUTOS = YES_AGGRESSIVE;
				GCC_WARN_UNUSED_FUNCTION = YES;
				GCC_WARN_UNUSED_VARIABLE = YES;
				IPHONEOS_DEPLOYMENT_TARGET = 13.2;
				MTL_ENABLE_DEBUG_INFO = NO;
				MTL_FAST_MATH = YES;
				SDKROOT = iphoneos;
				SWIFT_COMPILATION_MODE = wholemodule;
				SWIFT_OPTIMIZATION_LEVEL = "-O";
				VALIDATE_PRODUCT = YES;
			};
			name = Release;
		};
		ECA9746B23CCD9A6006A2FA8 /* Debug */ = {
			isa = XCBuildConfiguration;
			baseConfigurationReference = 277F36EC03F391C85C828263 /* Pods-Gnosis-Task.debug.xcconfig */;
			buildSettings = {
				ASSETCATALOG_COMPILER_APPICON_NAME = AppIcon;
				CODE_SIGN_STYLE = Automatic;
				DEVELOPMENT_TEAM = Y7969DNQN4;
				INFOPLIST_FILE = "Gnosis-Task/Info.plist";
				LD_RUNPATH_SEARCH_PATHS = (
					"$(inherited)",
					"@executable_path/Frameworks",
				);
				PRODUCT_BUNDLE_IDENTIFIER = "com.atharva.Gnosis-Task";
				PRODUCT_NAME = "$(TARGET_NAME)";
				SWIFT_VERSION = 5.0;
				TARGETED_DEVICE_FAMILY = "1,2";
			};
			name = Debug;
		};
		ECA9746C23CCD9A6006A2FA8 /* Release */ = {
			isa = XCBuildConfiguration;
			baseConfigurationReference = 4DC156D4945FCE0605B32C40 /* Pods-Gnosis-Task.release.xcconfig */;
			buildSettings = {
				ASSETCATALOG_COMPILER_APPICON_NAME = AppIcon;
				CODE_SIGN_STYLE = Automatic;
				DEVELOPMENT_TEAM = Y7969DNQN4;
				INFOPLIST_FILE = "Gnosis-Task/Info.plist";
				LD_RUNPATH_SEARCH_PATHS = (
					"$(inherited)",
					"@executable_path/Frameworks",
				);
				PRODUCT_BUNDLE_IDENTIFIER = "com.atharva.Gnosis-Task";
				PRODUCT_NAME = "$(TARGET_NAME)";
				SWIFT_VERSION = 5.0;
				TARGETED_DEVICE_FAMILY = "1,2";
			};
			name = Release;
		};
/* End XCBuildConfiguration section */

/* Begin XCConfigurationList section */
		ECA9744E23CCD9A5006A2FA8 /* Build configuration list for PBXProject "Gnosis-Task" */ = {
			isa = XCConfigurationList;
			buildConfigurations = (
				ECA9746823CCD9A6006A2FA8 /* Debug */,
				ECA9746923CCD9A6006A2FA8 /* Release */,
			);
			defaultConfigurationIsVisible = 0;
			defaultConfigurationName = Release;
		};
		ECA9746A23CCD9A6006A2FA8 /* Build configuration list for PBXNativeTarget "Gnosis-Task" */ = {
			isa = XCConfigurationList;
			buildConfigurations = (
				ECA9746B23CCD9A6006A2FA8 /* Debug */,
				ECA9746C23CCD9A6006A2FA8 /* Release */,
			);
			defaultConfigurationIsVisible = 0;
			defaultConfigurationName = Release;
		};
/* End XCConfigurationList section */

/* Begin XCVersionGroup section */
		ECA9745F23CCD9A5006A2FA8 /* Gnosis_Task.xcdatamodeld */ = {
			isa = XCVersionGroup;
			children = (
				ECA9746023CCD9A5006A2FA8 /* Gnosis_Task.xcdatamodel */,
			);
			currentVersion = ECA9746023CCD9A5006A2FA8 /* Gnosis_Task.xcdatamodel */;
			path = Gnosis_Task.xcdatamodeld;
			sourceTree = "<group>";
			versionGroupType = wrapper.xcdatamodel;
		};
/* End XCVersionGroup section */
	};
	rootObject = ECA9744B23CCD9A5006A2FA8 /* Project object */;
}
